
Microsoft Visual Studio Solution File, Format Version 12.00
# Visual Studio Version 16
VisualStudioVersion = 25.0.1703.5
MinimumVisualStudioVersion = 10.0.40219.1
Project("{FAE04EC0-301F-11D3-BF4B-00C04F79EFBC}") = "TV", "TVRemote2\TV.csproj", "{FABACAAC-102F-44F1-963A-6D61D931860A}"
EndProject
Global
	GlobalSection(SolutionConfigurationPlatforms) = preSolution
		Debug|Any CPU = Debug|Any CPU
		Release|Any CPU = Release|Any CPU
	EndGlobalSection
	GlobalSection(ProjectConfigurationPlatforms) = postSolution
		{FABACAAC-102F-44F1-963A-6D61D931860A}.Debug|Any CPU.ActiveCfg = Debug|Any CPU
		{FABACAAC-102F-44F1-963A-6D61D931860A}.Debug|Any CPU.Build.0 = Debug|Any CPU
		{FABACAAC-102F-44F1-963A-6D61D931860A}.Release|Any CPU.ActiveCfg = Release|Any CPU
		{FABACAAC-102F-44F1-963A-6D61D931860A}.Release|Any CPU.Build.0 = Release|Any CPU
	EndGlobalSection
	GlobalSection(SolutionProperties) = preSolution
		HideSolutionNode = FALSE
	EndGlobalSection
	GlobalSection(ExtensibilityGlobals) = postSolution
		SolutionGuid = {81B87CE0-196F-4377-9C13-26427D04FB0E}
	EndGlobalSection
EndGlobal
